
Microsoft Visual Studio Solution File, Format Version 12.00
# Visual Studio 15
VisualStudioVersion = 15.0.28307.168
MinimumVisualStudioVersion = 10.0.40219.1
Project("{FAE04EC0-301F-11D3-BF4B-00C04F79EFBC}") = "TreeTest", "TreeTest.csproj", "{50D3AF64-4C7C-49BF-B79D-B22CC8758E9D}"
EndProject
Global
	GlobalSection(SolutionConfigurationPlatforms) = preSolution
		Debug|Any CPU = Debug|Any CPU
		Release|Any CPU = Release|Any CPU
	EndGlobalSection
	GlobalSection(ProjectConfigurationPlatforms) = postSolution
		{50D3AF64-4C7C-49BF-B79D-B22CC8758E9D}.Debug|Any CPU.ActiveCfg = Debug|Any CPU
		{50D3AF64-4C7C-49BF-B79D-B22CC8758E9D}.Debug|Any CPU.Build.0 = Debug|Any CPU
		{50D3AF64-4C7C-49BF-B79D-B22CC8758E9D}.Release|Any CPU.ActiveCfg = Release|Any CPU
		{50D3AF64-4C7C-49BF-B79D-B22CC8758E9D}.Release|Any CPU.Build.0 = Release|Any CPU
	EndGlobalSection
	GlobalSection(SolutionProperties) = preSolution
		HideSolutionNode = FALSE
	EndGlobalSection
	GlobalSection(ExtensibilityGlobals) = postSolution
		SolutionGuid = {F775585E-8165-4C51-9DD6-A164F2E93157}
	EndGlobalSection
EndGlobal
